PODS:
  - Cordova (3.9.1)
  - cordova-plugin-device (1.0.1):
    - Cordova (>= 3.0.0)
  - cordova-plugin-device-motion (1.1.1):
    - Cordova (>= 3.0.0)
  - cordova-plugin-device-orientation (1.0.1):
    - Cordova (>= 3.0.0)
  - CordovaPlugin-console (0.2.10):
    - Cordova (>= 3.0.0)
  - GPUImage (0.1.7)
  - phonegap-ios-template (0.2.0)

DEPENDENCIES:
  - Cordova (= 3.9.1)
  - cordova-plugin-device
  - cordova-plugin-device-motion
  - cordova-plugin-device-orientation
  - CordovaPlugin-console
  - GPUImage
  - phonegap-ios-template

SPEC CHECKSUMS:
  Cordova: f8142a2cb0072f5225e865fc5660f174cc0674a5
  cordova-plugin-device: 55f3f851cc5d80f527f23cf9166fcc4c67fcb27a
  cordova-plugin-device-motion: 55afcbbc954018038624c4d881a065a1501cbc7e
  cordova-plugin-device-orientation: 2216fdddbbcdc6770c7d3b55715d31b532123088
  CordovaPlugin-console: aeb6015a9830edaaf8158a6b49f18189ebf38aa5
  GPUImage: 733a5f0fab92df9de1c37ba9df520a833ccb406d
  phonegap-ios-template: 4fb2cba38c3272d01e3181d77af6218f70da7855

PODFILE CHECKSUM: 9702c17aa52b7485decc475f2b3bfd95922e90ce

COCOAPODS: 1.0.1
